// !$*UTF8*$!
{
	archiveVersion = 1;
	classes = {
	};
	objectVersion = 56;
	objects = {

/* Begin PBXBuildFile section */
		DC0D9B892C930E2900AD91DC /* ProblemListView.swift in Sources */ = {isa = PBXBuildFile; fileRef = DC0D9B882C930E2900AD91DC /* ProblemListView.swift */; };
		DC0D9B8C2C93127900AD91DC /* .gitignore in Resources */ = {isa = PBXBuildFile; fileRef = DC0D9B8B2C93127900AD91DC /* .gitignore */; };
		DC0D9B8E2C93129300AD91DC /* APIKey.swift in Sources */ = {isa = PBXBuildFile; fileRef = DC0D9B8D2C93129300AD91DC /* APIKey.swift */; };
		DC0D9B942C931B3E00AD91DC /* DiaryCalendarView.swift in Sources */ = {isa = PBXBuildFile; fileRef = DC0D9B932C931B3E00AD91DC /* DiaryCalendarView.swift */; };
		DC0D9B962C9323AB00AD91DC /* CalendarView.swift in Sources */ = {isa = PBXBuildFile; fileRef = DC0D9B952C9323AB00AD91DC /* CalendarView.swift */; };
		DC0D9B982C93F67800AD91DC /* CalendarView+Extension.swift in Sources */ = {isa = PBXBuildFile; fileRef = DC0D9B972C93F67800AD91DC /* CalendarView+Extension.swift */; };
		DC0D9B9A2C94106B00AD91DC /* Date+.swift in Sources */ = {isa = PBXBuildFile; fileRef = DC0D9B992C94106B00AD91DC /* Date+.swift */; };
		DC0D9B9F2C94522C00AD91DC /* CustomTabView.swift in Sources */ = {isa = PBXBuildFile; fileRef = DC0D9B9E2C94522C00AD91DC /* CustomTabView.swift */; };
		DC0D9BA22C94551400AD91DC /* Constants.swift in Sources */ = {isa = PBXBuildFile; fileRef = DC0D9BA12C94551400AD91DC /* Constants.swift */; };
		DC0D9BA42C9456E100AD91DC /* TabbarView.swift in Sources */ = {isa = PBXBuildFile; fileRef = DC0D9BA32C9456E100AD91DC /* TabbarView.swift */; };
		DC0D9BA62C9457FA00AD91DC /* SaveProblemView.swift in Sources */ = {isa = PBXBuildFile; fileRef = DC0D9BA52C9457FA00AD91DC /* SaveProblemView.swift */; };
		DC113C902CA43B8A0008F310 /* Lottie in Frameworks */ = {isa = PBXBuildFile; productRef = DC113C8F2CA43B8A0008F310 /* Lottie */; };
		DC1C6AEA2CA2C4830033666A /* AttendanceViewModel.swift in Sources */ = {isa = PBXBuildFile; fileRef = DC1C6AE92CA2C4830033666A /* AttendanceViewModel.swift */; };
		DC5DBB992C9069F8001687FC /* EasyEnglishApp.swift in Sources */ = {isa = PBXBuildFile; fileRef = DC5DBB982C9069F8001687FC /* EasyEnglishApp.swift */; };
		DC5DBB9B2C9069F8001687FC /* ContentView.swift in Sources */ = {isa = PBXBuildFile; fileRef = DC5DBB9A2C9069F8001687FC /* ContentView.swift */; };
		DC5DBB9D2C9069F9001687FC /* Assets.xcassets in Resources */ = {isa = PBXBuildFile; fileRef = DC5DBB9C2C9069F9001687FC /* Assets.xcassets */; };
		DC5DBBA02C9069F9001687FC /* Preview Assets.xcassets in Resources */ = {isa = PBXBuildFile; fileRef = DC5DBB9F2C9069F9001687FC /* Preview Assets.xcassets */; };
		DC5DBBA72C906EC9001687FC /* Localizable.xcstrings in Resources */ = {isa = PBXBuildFile; fileRef = DC5DBBA62C906EC9001687FC /* Localizable.xcstrings */; };
		DC6666CF2C9AB7E300251F82 /* DiaryReviseView.swift in Sources */ = {isa = PBXBuildFile; fileRef = DC6666CE2C9AB7E300251F82 /* DiaryReviseView.swift */; };
		DC6666D12C9AC5B300251F82 /* Router.swift in Sources */ = {isa = PBXBuildFile; fileRef = DC6666D02C9AC5B300251F82 /* Router.swift */; };
		DC6666D32C9AC9B400251F82 /* Header.swift in Sources */ = {isa = PBXBuildFile; fileRef = DC6666D22C9AC9B400251F82 /* Header.swift */; };
		DC6666D62C9BE03C00251F82 /* TranslateView.swift in Sources */ = {isa = PBXBuildFile; fileRef = DC6666D52C9BE03C00251F82 /* TranslateView.swift */; };
		DC6666D92C9BE1ED00251F82 /* Alamofire in Frameworks */ = {isa = PBXBuildFile; productRef = DC6666D82C9BE1ED00251F82 /* Alamofire */; };
		DC6666DB2C9BE20C00251F82 /* TargetType.swift in Sources */ = {isa = PBXBuildFile; fileRef = DC6666DA2C9BE20C00251F82 /* TargetType.swift */; };
		DC6666DF2C9BE8BB00251F82 /* TranslateQuery.swift in Sources */ = {isa = PBXBuildFile; fileRef = DC6666DE2C9BE8BB00251F82 /* TranslateQuery.swift */; };
		DC6666E12C9BEA8100251F82 /* TranslateResponse.swift in Sources */ = {isa = PBXBuildFile; fileRef = DC6666E02C9BEA8100251F82 /* TranslateResponse.swift */; };
		DC6666E32C9BF3A500251F82 /* TranslateViewModel.swift in Sources */ = {isa = PBXBuildFile; fileRef = DC6666E22C9BF3A500251F82 /* TranslateViewModel.swift */; };
		DC6666E52C9BF5B400251F82 /* NetworkManager.swift in Sources */ = {isa = PBXBuildFile; fileRef = DC6666E42C9BF5B400251F82 /* NetworkManager.swift */; };
		DC6666EC2C9C3C7500251F82 /* CustomTextEditor.swift in Sources */ = {isa = PBXBuildFile; fileRef = DC6666EB2C9C3C7500251F82 /* CustomTextEditor.swift */; };
		DC6666EE2C9C5AF000251F82 /* View+.swift in Sources */ = {isa = PBXBuildFile; fileRef = DC6666ED2C9C5AF000251F82 /* View+.swift */; };
		DC6666F12C9D997700251F82 /* UserSettingView.swift in Sources */ = {isa = PBXBuildFile; fileRef = DC6666F02C9D997600251F82 /* UserSettingView.swift */; };
		DC9983AA2CA3F26700D54CCE /* DiaryCalendarViewModel.swift in Sources */ = {isa = PBXBuildFile; fileRef = DC9983A92CA3F26700D54CCE /* DiaryCalendarViewModel.swift */; };
		DC9983AC2CA4088800D54CCE /* DiaryWriteViewModel.swift in Sources */ = {isa = PBXBuildFile; fileRef = DC9983AB2CA4088800D54CCE /* DiaryWriteViewModel.swift */; };
		DC9983AF2CA4275C00D54CCE /* CarouselStack in Frameworks */ = {isa = PBXBuildFile; productRef = DC9983AE2CA4275C00D54CCE /* CarouselStack */; };
		DC9983B12CA4275C00D54CCE /* ShuffleDeck in Frameworks */ = {isa = PBXBuildFile; productRef = DC9983B02CA4275C00D54CCE /* ShuffleDeck */; };
		DC9983B32CA4275C00D54CCE /* ShuffleIt in Frameworks */ = {isa = PBXBuildFile; productRef = DC9983B22CA4275C00D54CCE /* ShuffleIt */; };
		DC9983B52CA4275C00D54CCE /* ShuffleStack in Frameworks */ = {isa = PBXBuildFile; productRef = DC9983B42CA4275C00D54CCE /* ShuffleStack */; };
		DCC7900D2CA2ABF70088AB76 /* RealmRepository.swift in Sources */ = {isa = PBXBuildFile; fileRef = DCC7900C2CA2ABF70088AB76 /* RealmRepository.swift */; };
		DCFD541D2C9EA9E50000D2EC /* Categories.swift in Sources */ = {isa = PBXBuildFile; fileRef = DCFD541C2C9EA9E50000D2EC /* Categories.swift */; };
		DCFD54202C9EB8650000D2EC /* RealmSwift in Frameworks */ = {isa = PBXBuildFile; productRef = DCFD541F2C9EB8650000D2EC /* RealmSwift */; };
		DCFD54222C9FFB960000D2EC /* ProblemSentenceView.swift in Sources */ = {isa = PBXBuildFile; fileRef = DCFD54212C9FFB960000D2EC /* ProblemSentenceView.swift */; };
		DCFD542D2CA0175B0000D2EC /* sentences.json in Resources */ = {isa = PBXBuildFile; fileRef = DCFD542C2CA0175B0000D2EC /* sentences.json */; };
		DCFD542F2CA017F40000D2EC /* ReadJSON.swift in Sources */ = {isa = PBXBuildFile; fileRef = DCFD542E2CA017F40000D2EC /* ReadJSON.swift */; };
		DCFD54302CA110310000D2EC /* RealmSwift in Embed Frameworks */ = {isa = PBXBuildFile; productRef = DCFD541F2C9EB8650000D2EC /* RealmSwift */; settings = {ATTRIBUTES = (CodeSignOnCopy, ); }; };
		DCFD54402CA158870000D2EC /* DBTable.swift in Sources */ = {isa = PBXBuildFile; fileRef = DCFD543D2CA158870000D2EC /* DBTable.swift */; };
		DCFF76C62C959F7900D479E1 /* ProblemChapterView.swift in Sources */ = {isa = PBXBuildFile; fileRef = DCFF76C52C959F7900D479E1 /* ProblemChapterView.swift */; };
		DCFF76C92C96C36700D479E1 /* MainView.swift in Sources */ = {isa = PBXBuildFile; fileRef = DCFF76C82C96C36700D479E1 /* MainView.swift */; };
		DCFF76CB2C96C7C800D479E1 /* WeekChartView.swift in Sources */ = {isa = PBXBuildFile; fileRef = DCFF76CA2C96C7C800D479E1 /* WeekChartView.swift */; };
		DCFF76CD2C96D20D00D479E1 /* CircleChartView.swift in Sources */ = {isa = PBXBuildFile; fileRef = DCFF76CC2C96D20D00D479E1 /* CircleChartView.swift */; };
		DCFF76CF2C996C9100D479E1 /* CustomBackButton.swift in Sources */ = {isa = PBXBuildFile; fileRef = DCFF76CE2C996C9100D479E1 /* CustomBackButton.swift */; };
		DCFF76D22C997A5400D479E1 /* DiaryWriteView.swift in Sources */ = {isa = PBXBuildFile; fileRef = DCFF76D12C997A5400D479E1 /* DiaryWriteView.swift */; };
/* End PBXBuildFile section */

/* Begin PBXCopyFilesBuildPhase section */
		DCFD54312CA110310000D2EC /* Embed Frameworks */ = {
			isa = PBXCopyFilesBuildPhase;
			buildActionMask = 2147483647;
			dstPath = "";
			dstSubfolderSpec = 10;
			files = (
				DCFD54302CA110310000D2EC /* RealmSwift in Embed Frameworks */,
			);
			name = "Embed Frameworks";
			runOnlyForDeploymentPostprocessing = 0;
		};
/* End PBXCopyFilesBuildPhase section */

/* Begin PBXFileReference section */
		DC0D9B882C930E2900AD91DC /* ProblemListView.swift */ = {isa = PBXFileReference; lastKnownFileType = sourcecode.swift; path = ProblemListView.swift; sourceTree = "<group>"; };
		DC0D9B8B2C93127900AD91DC /* .gitignore */ = {isa = PBXFileReference; lastKnownFileType = text; path = .gitignore; sourceTree = "<group>"; };
		DC0D9B8D2C93129300AD91DC /* APIKey.swift */ = {isa = PBXFileReference; lastKnownFileType = sourcecode.swift; path = APIKey.swift; sourceTree = "<group>"; };
		DC0D9B932C931B3E00AD91DC /* DiaryCalendarView.swift */ = {isa = PBXFileReference; lastKnownFileType = sourcecode.swift; path = DiaryCalendarView.swift; sourceTree = "<group>"; };
		DC0D9B952C9323AB00AD91DC /* CalendarView.swift */ = {isa = PBXFileReference; lastKnownFileType = sourcecode.swift; path = CalendarView.swift; sourceTree = "<group>"; };
		DC0D9B972C93F67800AD91DC /* CalendarView+Extension.swift */ = {isa = PBXFileReference; lastKnownFileType = sourcecode.swift; path = "CalendarView+Extension.swift"; sourceTree = "<group>"; };
		DC0D9B992C94106B00AD91DC /* Date+.swift */ = {isa = PBXFileReference; lastKnownFileType = sourcecode.swift; path = "Date+.swift"; sourceTree = "<group>"; };
		DC0D9B9E2C94522C00AD91DC /* CustomTabView.swift */ = {isa = PBXFileReference; lastKnownFileType = sourcecode.swift; path = CustomTabView.swift; sourceTree = "<group>"; };
		DC0D9BA12C94551400AD91DC /* Constants.swift */ = {isa = PBXFileReference; lastKnownFileType = sourcecode.swift; path = Constants.swift; sourceTree = "<group>"; };
		DC0D9BA32C9456E100AD91DC /* TabbarView.swift */ = {isa = PBXFileReference; lastKnownFileType = sourcecode.swift; path = TabbarView.swift; sourceTree = "<group>"; };
		DC0D9BA52C9457FA00AD91DC /* SaveProblemView.swift */ = {isa = PBXFileReference; lastKnownFileType = sourcecode.swift; path = SaveProblemView.swift; sourceTree = "<group>"; };
		DC1C6AE92CA2C4830033666A /* AttendanceViewModel.swift */ = {isa = PBXFileReference; lastKnownFileType = sourcecode.swift; path = AttendanceViewModel.swift; sourceTree = "<group>"; };
		DC5DBB952C9069F8001687FC /* EasyEnglish.app */ = {isa = PBXFileReference; explicitFileType = wrapper.application; includeInIndex = 0; path = EasyEnglish.app; sourceTree = BUILT_PRODUCTS_DIR; };
		DC5DBB982C9069F8001687FC /* EasyEnglishApp.swift */ = {isa = PBXFileReference; lastKnownFileType = sourcecode.swift; path = EasyEnglishApp.swift; sourceTree = "<group>"; };
		DC5DBB9A2C9069F8001687FC /* ContentView.swift */ = {isa = PBXFileReference; lastKnownFileType = sourcecode.swift; path = ContentView.swift; sourceTree = "<group>"; };
		DC5DBB9C2C9069F9001687FC /* Assets.xcassets */ = {isa = PBXFileReference; lastKnownFileType = folder.assetcatalog; path = Assets.xcassets; sourceTree = "<group>"; };
		DC5DBB9F2C9069F9001687FC /* Preview Assets.xcassets */ = {isa = PBXFileReference; lastKnownFileType = folder.assetcatalog; path = "Preview Assets.xcassets"; sourceTree = "<group>"; };
		DC5DBBA62C906EC9001687FC /* Localizable.xcstrings */ = {isa = PBXFileReference; lastKnownFileType = text.json.xcstrings; path = Localizable.xcstrings; sourceTree = "<group>"; };
		DC6666CE2C9AB7E300251F82 /* DiaryReviseView.swift */ = {isa = PBXFileReference; lastKnownFileType = sourcecode.swift; path = DiaryReviseView.swift; sourceTree = "<group>"; };
		DC6666D02C9AC5B300251F82 /* Router.swift */ = {isa = PBXFileReference; lastKnownFileType = sourcecode.swift; path = Router.swift; sourceTree = "<group>"; };
		DC6666D22C9AC9B400251F82 /* Header.swift */ = {isa = PBXFileReference; lastKnownFileType = sourcecode.swift; path = Header.swift; sourceTree = "<group>"; };
		DC6666D52C9BE03C00251F82 /* TranslateView.swift */ = {isa = PBXFileReference; lastKnownFileType = sourcecode.swift; path = TranslateView.swift; sourceTree = "<group>"; };
		DC6666DA2C9BE20C00251F82 /* TargetType.swift */ = {isa = PBXFileReference; lastKnownFileType = sourcecode.swift; path = TargetType.swift; sourceTree = "<group>"; };
		DC6666DE2C9BE8BB00251F82 /* TranslateQuery.swift */ = {isa = PBXFileReference; lastKnownFileType = sourcecode.swift; path = TranslateQuery.swift; sourceTree = "<group>"; };
		DC6666E02C9BEA8100251F82 /* TranslateResponse.swift */ = {isa = PBXFileReference; lastKnownFileType = sourcecode.swift; path = TranslateResponse.swift; sourceTree = "<group>"; };
		DC6666E22C9BF3A500251F82 /* TranslateViewModel.swift */ = {isa = PBXFileReference; lastKnownFileType = sourcecode.swift; path = TranslateViewModel.swift; sourceTree = "<group>"; };
		DC6666E42C9BF5B400251F82 /* NetworkManager.swift */ = {isa = PBXFileReference; lastKnownFileType = sourcecode.swift; path = NetworkManager.swift; sourceTree = "<group>"; };
		DC6666EB2C9C3C7500251F82 /* CustomTextEditor.swift */ = {isa = PBXFileReference; lastKnownFileType = sourcecode.swift; path = CustomTextEditor.swift; sourceTree = "<group>"; };
		DC6666ED2C9C5AF000251F82 /* View+.swift */ = {isa = PBXFileReference; lastKnownFileType = sourcecode.swift; path = "View+.swift"; sourceTree = "<group>"; };
		DC6666F02C9D997600251F82 /* UserSettingView.swift */ = {isa = PBXFileReference; lastKnownFileType = sourcecode.swift; path = UserSettingView.swift; sourceTree = "<group>"; };
		DC9983A92CA3F26700D54CCE /* DiaryCalendarViewModel.swift */ = {isa = PBXFileReference; lastKnownFileType = sourcecode.swift; path = DiaryCalendarViewModel.swift; sourceTree = "<group>"; };
		DC9983AB2CA4088800D54CCE /* DiaryWriteViewModel.swift */ = {isa = PBXFileReference; lastKnownFileType = sourcecode.swift; path = DiaryWriteViewModel.swift; sourceTree = "<group>"; };
		DCC7900C2CA2ABF70088AB76 /* RealmRepository.swift */ = {isa = PBXFileReference; lastKnownFileType = sourcecode.swift; path = RealmRepository.swift; sourceTree = "<group>"; };
		DCFD541C2C9EA9E50000D2EC /* Categories.swift */ = {isa = PBXFileReference; lastKnownFileType = sourcecode.swift; path = Categories.swift; sourceTree = "<group>"; };
		DCFD54212C9FFB960000D2EC /* ProblemSentenceView.swift */ = {isa = PBXFileReference; lastKnownFileType = sourcecode.swift; path = ProblemSentenceView.swift; sourceTree = "<group>"; };
		DCFD542C2CA0175B0000D2EC /* sentences.json */ = {isa = PBXFileReference; lastKnownFileType = text.json; path = sentences.json; sourceTree = "<group>"; };
		DCFD542E2CA017F40000D2EC /* ReadJSON.swift */ = {isa = PBXFileReference; lastKnownFileType = sourcecode.swift; path = ReadJSON.swift; sourceTree = "<group>"; };
		DCFD543D2CA158870000D2EC /* DBTable.swift */ = {isa = PBXFileReference; fileEncoding = 4; lastKnownFileType = sourcecode.swift; path = DBTable.swift; sourceTree = "<group>"; };
		DCFF76C52C959F7900D479E1 /* ProblemChapterView.swift */ = {isa = PBXFileReference; lastKnownFileType = sourcecode.swift; path = ProblemChapterView.swift; sourceTree = "<group>"; };
		DCFF76C82C96C36700D479E1 /* MainView.swift */ = {isa = PBXFileReference; lastKnownFileType = sourcecode.swift; path = MainView.swift; sourceTree = "<group>"; };
		DCFF76CA2C96C7C800D479E1 /* WeekChartView.swift */ = {isa = PBXFileReference; lastKnownFileType = sourcecode.swift; path = WeekChartView.swift; sourceTree = "<group>"; };
		DCFF76CC2C96D20D00D479E1 /* CircleChartView.swift */ = {isa = PBXFileReference; lastKnownFileType = sourcecode.swift; path = CircleChartView.swift; sourceTree = "<group>"; };
		DCFF76CE2C996C9100D479E1 /* CustomBackButton.swift */ = {isa = PBXFileReference; lastKnownFileType = sourcecode.swift; path = CustomBackButton.swift; sourceTree = "<group>"; };
		DCFF76D12C997A5400D479E1 /* DiaryWriteView.swift */ = {isa = PBXFileReference; lastKnownFileType = sourcecode.swift; path = DiaryWriteView.swift; sourceTree = "<group>"; };
/* End PBXFileReference section */

/* Begin PBXFrameworksBuildPhase section */
		DC5DBB922C9069F8001687FC /* Frameworks */ = {
			isa = PBXFrameworksBuildPhase;
			buildActionMask = 2147483647;
			files = (
				DC9983B32CA4275C00D54CCE /* ShuffleIt in Frameworks */,
				DC113C902CA43B8A0008F310 /* Lottie in Frameworks */,
				DCFD54202C9EB8650000D2EC /* RealmSwift in Frameworks */,
				DC6666D92C9BE1ED00251F82 /* Alamofire in Frameworks */,
				DC9983AF2CA4275C00D54CCE /* CarouselStack in Frameworks */,
				DC9983B12CA4275C00D54CCE /* ShuffleDeck in Frameworks */,
				DC9983B52CA4275C00D54CCE /* ShuffleStack in Frameworks */,
			);
			runOnlyForDeploymentPostprocessing = 0;
		};
/* End PBXFrameworksBuildPhase section */

/* Begin PBXGroup section */
		DC0D9B842C930DAF00AD91DC /* View */ = {
			isa = PBXGroup;
			children = (
				DC0D9B9B2C9433D000AD91DC /* Tab */,
				DCFF76C72C96C35300D479E1 /* First */,
				DC0D9B852C930DE800AD91DC /* Second */,
				DC0D9B862C930DEE00AD91DC /* Third */,
				DC6666EF2C9D98E700251F82 /* Fourth */,
				DC0D9B872C930DF600AD91DC /* Save */,
				DCFF76D02C997A3D00D479E1 /* Diary */,
				DC6666D42C9BDCA200251F82 /* Translate */,
			);
			path = View;
			sourceTree = "<group>";
		};
		DC0D9B852C930DE800AD91DC /* Second */ = {
			isa = PBXGroup;
			children = (
				DC0D9B882C930E2900AD91DC /* ProblemListView.swift */,
				DCFF76C52C959F7900D479E1 /* ProblemChapterView.swift */,
				DCFD54212C9FFB960000D2EC /* ProblemSentenceView.swift */,
			);
			path = Second;
			sourceTree = "<group>";
		};
		DC0D9B862C930DEE00AD91DC /* Third */ = {
			isa = PBXGroup;
			children = (
				DC0D9B932C931B3E00AD91DC /* DiaryCalendarView.swift */,
				DC0D9B952C9323AB00AD91DC /* CalendarView.swift */,
				DC0D9B972C93F67800AD91DC /* CalendarView+Extension.swift */,
				DC9983A92CA3F26700D54CCE /* DiaryCalendarViewModel.swift */,
			);
			path = Third;
			sourceTree = "<group>";
		};
		DC0D9B872C930DF600AD91DC /* Save */ = {
			isa = PBXGroup;
			children = (
				DC0D9BA52C9457FA00AD91DC /* SaveProblemView.swift */,
			);
			path = Save;
			sourceTree = "<group>";
		};
		DC0D9B8A2C93125C00AD91DC /* Secret */ = {
			isa = PBXGroup;
			children = (
				DC0D9B8D2C93129300AD91DC /* APIKey.swift */,
			);
			path = Secret;
			sourceTree = "<group>";
		};
		DC0D9B8F2C9312FA00AD91DC /* Extension */ = {
			isa = PBXGroup;
			children = (
				DC0D9B992C94106B00AD91DC /* Date+.swift */,
				DC6666ED2C9C5AF000251F82 /* View+.swift */,
			);
			path = Extension;
			sourceTree = "<group>";
		};
		DC0D9B9B2C9433D000AD91DC /* Tab */ = {
			isa = PBXGroup;
			children = (
				DC0D9B9E2C94522C00AD91DC /* CustomTabView.swift */,
				DC0D9BA32C9456E100AD91DC /* TabbarView.swift */,
			);
			path = Tab;
			sourceTree = "<group>";
		};
		DC0D9BA02C94550400AD91DC /* Static */ = {
			isa = PBXGroup;
			children = (
				DC0D9BA12C94551400AD91DC /* Constants.swift */,
				DCFF76CE2C996C9100D479E1 /* CustomBackButton.swift */,
				DCFD541C2C9EA9E50000D2EC /* Categories.swift */,
			);
			path = Static;
			sourceTree = "<group>";
		};
		DC1C6AE82CA2C4710033666A /* ViewModel */ = {
			isa = PBXGroup;
			children = (
				DC1C6AE92CA2C4830033666A /* AttendanceViewModel.swift */,
			);
			path = ViewModel;
			sourceTree = "<group>";
		};
		DC5DBB8C2C9069F8001687FC = {
			isa = PBXGroup;
			children = (
				DC0D9B8B2C93127900AD91DC /* .gitignore */,
				DC5DBB972C9069F8001687FC /* EasyEnglish */,
				DC5DBB962C9069F8001687FC /* Products */,
			);
			sourceTree = "<group>";
		};
		DC5DBB962C9069F8001687FC /* Products */ = {
			isa = PBXGroup;
			children = (
				DC5DBB952C9069F8001687FC /* EasyEnglish.app */,
			);
			name = Products;
			sourceTree = "<group>";
		};
		DC5DBB972C9069F8001687FC /* EasyEnglish */ = {
			isa = PBXGroup;
			children = (
				DC5DBB982C9069F8001687FC /* EasyEnglishApp.swift */,
				DC5DBB9A2C9069F8001687FC /* ContentView.swift */,
				DC5DBB9C2C9069F9001687FC /* Assets.xcassets */,
				DC5DBB9E2C9069F9001687FC /* Preview Content */,
				DC5DBBA62C906EC9001687FC /* Localizable.xcstrings */,
				DC0D9B8A2C93125C00AD91DC /* Secret */,
				DC0D9B8F2C9312FA00AD91DC /* Extension */,
				DC0D9BA02C94550400AD91DC /* Static */,
				DC5DBBA82C9072E9001687FC /* Protocol */,
				DC5DBBA92C9072FB001687FC /* Network */,
				DC5DBBAA2C9073C1001687FC /* Database */,
				DC0D9B842C930DAF00AD91DC /* View */,
			);
			path = EasyEnglish;
			sourceTree = "<group>";
		};
		DC5DBB9E2C9069F9001687FC /* Preview Content */ = {
			isa = PBXGroup;
			children = (
				DC5DBB9F2C9069F9001687FC /* Preview Assets.xcassets */,
			);
			path = "Preview Content";
			sourceTree = "<group>";
		};
		DC5DBBA82C9072E9001687FC /* Protocol */ = {
			isa = PBXGroup;
			children = (
				DC6666DA2C9BE20C00251F82 /* TargetType.swift */,
			);
			path = Protocol;
			sourceTree = "<group>";
		};
		DC5DBBA92C9072FB001687FC /* Network */ = {
			isa = PBXGroup;
			children = (
				DC6666DC2C9BE87F00251F82 /* Request */,
				DC6666DD2C9BE88900251F82 /* Response */,
				DC6666D02C9AC5B300251F82 /* Router.swift */,
				DC6666D22C9AC9B400251F82 /* Header.swift */,
				DC6666E42C9BF5B400251F82 /* NetworkManager.swift */,
			);
			path = Network;
			sourceTree = "<group>";
		};
		DC5DBBAA2C9073C1001687FC /* Database */ = {
			isa = PBXGroup;
			children = (
				DCFD543D2CA158870000D2EC /* DBTable.swift */,
				DCFD542E2CA017F40000D2EC /* ReadJSON.swift */,
				DCC7900C2CA2ABF70088AB76 /* RealmRepository.swift */,
				DCFD542C2CA0175B0000D2EC /* sentences.json */,
			);
			path = Database;
			sourceTree = "<group>";
		};
		DC6666D42C9BDCA200251F82 /* Translate */ = {
			isa = PBXGroup;
			children = (
				DC6666D52C9BE03C00251F82 /* TranslateView.swift */,
				DC6666E22C9BF3A500251F82 /* TranslateViewModel.swift */,
				DC6666EB2C9C3C7500251F82 /* CustomTextEditor.swift */,
			);
			path = Translate;
			sourceTree = "<group>";
		};
		DC6666DC2C9BE87F00251F82 /* Request */ = {
			isa = PBXGroup;
			children = (
				DC6666DE2C9BE8BB00251F82 /* TranslateQuery.swift */,
			);
			path = Request;
			sourceTree = "<group>";
		};
		DC6666DD2C9BE88900251F82 /* Response */ = {
			isa = PBXGroup;
			children = (
				DC6666E02C9BEA8100251F82 /* TranslateResponse.swift */,
			);
			path = Response;
			sourceTree = "<group>";
		};
		DC6666EF2C9D98E700251F82 /* Fourth */ = {
			isa = PBXGroup;
			children = (
				DC6666F02C9D997600251F82 /* UserSettingView.swift */,
			);
			path = Fourth;
			sourceTree = "<group>";
		};
		DCFF76C72C96C35300D479E1 /* First */ = {
			isa = PBXGroup;
			children = (
				DC1C6AE82CA2C4710033666A /* ViewModel */,
				DCFF76C82C96C36700D479E1 /* MainView.swift */,
				DCFF76CC2C96D20D00D479E1 /* CircleChartView.swift */,
				DCFF76CA2C96C7C800D479E1 /* WeekChartView.swift */,
			);
			path = First;
			sourceTree = "<group>";
		};
		DCFF76D02C997A3D00D479E1 /* Diary */ = {
			isa = PBXGroup;
			children = (
				DCFF76D12C997A5400D479E1 /* DiaryWriteView.swift */,
				DC6666CE2C9AB7E300251F82 /* DiaryReviseView.swift */,
				DC9983AB2CA4088800D54CCE /* DiaryWriteViewModel.swift */,
			);
			path = Diary;
			sourceTree = "<group>";
		};
/* End PBXGroup section */

/* Begin PBXNativeTarget section */
		DC5DBB942C9069F8001687FC /* EasyEnglish */ = {
			isa = PBXNativeTarget;
			buildConfigurationList = DC5DBBA32C9069F9001687FC /* Build configuration list for PBXNativeTarget "EasyEnglish" */;
			buildPhases = (
				DC5DBB912C9069F8001687FC /* Sources */,
				DC5DBB922C9069F8001687FC /* Frameworks */,
				DC5DBB932C9069F8001687FC /* Resources */,
				DCFD54312CA110310000D2EC /* Embed Frameworks */,
			);
			buildRules = (
			);
			dependencies = (
			);
			name = EasyEnglish;
			packageProductDependencies = (
				DC6666D82C9BE1ED00251F82 /* Alamofire */,
				DCFD541F2C9EB8650000D2EC /* RealmSwift */,
				DC9983AE2CA4275C00D54CCE /* CarouselStack */,
				DC9983B02CA4275C00D54CCE /* ShuffleDeck */,
				DC9983B22CA4275C00D54CCE /* ShuffleIt */,
				DC9983B42CA4275C00D54CCE /* ShuffleStack */,
				DC113C8F2CA43B8A0008F310 /* Lottie */,
			);
			productName = EasyEnglish;
			productReference = DC5DBB952C9069F8001687FC /* EasyEnglish.app */;
			productType = "com.apple.product-type.application";
		};
/* End PBXNativeTarget section */

/* Begin PBXProject section */
		DC5DBB8D2C9069F8001687FC /* Project object */ = {
			isa = PBXProject;
			attributes = {
				BuildIndependentTargetsInParallel = 1;
				LastSwiftUpdateCheck = 1500;
				LastUpgradeCheck = 1500;
				TargetAttributes = {
					DC5DBB942C9069F8001687FC = {
						CreatedOnToolsVersion = 15.0.1;
					};
				};
			};
			buildConfigurationList = DC5DBB902C9069F8001687FC /* Build configuration list for PBXProject "EasyEnglish" */;
			compatibilityVersion = "Xcode 14.0";
			developmentRegion = en;
			hasScannedForEncodings = 0;
			knownRegions = (
				en,
				Base,
				fr,
			);
			mainGroup = DC5DBB8C2C9069F8001687FC;
			packageReferences = (
				DC6666D72C9BE1ED00251F82 /* XCRemoteSwiftPackageReference "Alamofire" */,
				DCFD541E2C9EB8650000D2EC /* XCRemoteSwiftPackageReference "realm-swift" */,
				DC9983AD2CA4275C00D54CCE /* XCRemoteSwiftPackageReference "ShuffleIt" */,
				DC113C8E2CA43B8A0008F310 /* XCRemoteSwiftPackageReference "lottie-ios" */,
			);
			productRefGroup = DC5DBB962C9069F8001687FC /* Products */;
			projectDirPath = "";
			projectRoot = "";
			targets = (
				DC5DBB942C9069F8001687FC /* EasyEnglish */,
			);
		};
/* End PBXProject section */

/* Begin PBXResourcesBuildPhase section */
		DC5DBB932C9069F8001687FC /* Resources */ = {
			isa = PBXResourcesBuildPhase;
			buildActionMask = 2147483647;
			files = (
				DC0D9B8C2C93127900AD91DC /* .gitignore in Resources */,
				DC5DBBA02C9069F9001687FC /* Preview Assets.xcassets in Resources */,
				DCFD542D2CA0175B0000D2EC /* sentences.json in Resources */,
				DC5DBB9D2C9069F9001687FC /* Assets.xcassets in Resources */,
				DC5DBBA72C906EC9001687FC /* Localizable.xcstrings in Resources */,
			);
			runOnlyForDeploymentPostprocessing = 0;
		};
/* End PBXResourcesBuildPhase section */

/* Begin PBXSourcesBuildPhase section */
		DC5DBB912C9069F8001687FC /* Sources */ = {
			isa = PBXSourcesBuildPhase;
			buildActionMask = 2147483647;
			files = (
				DC6666F12C9D997700251F82 /* UserSettingView.swift in Sources */,
				DC6666E52C9BF5B400251F82 /* NetworkManager.swift in Sources */,
				DC6666E12C9BEA8100251F82 /* TranslateResponse.swift in Sources */,
				DC0D9B892C930E2900AD91DC /* ProblemListView.swift in Sources */,
				DCFF76C92C96C36700D479E1 /* MainView.swift in Sources */,
				DC6666DB2C9BE20C00251F82 /* TargetType.swift in Sources */,
				DCFD54402CA158870000D2EC /* DBTable.swift in Sources */,
				DC6666DF2C9BE8BB00251F82 /* TranslateQuery.swift in Sources */,
				DCFF76C62C959F7900D479E1 /* ProblemChapterView.swift in Sources */,
				DC5DBB9B2C9069F8001687FC /* ContentView.swift in Sources */,
				DC0D9B962C9323AB00AD91DC /* CalendarView.swift in Sources */,
				DC0D9B8E2C93129300AD91DC /* APIKey.swift in Sources */,
				DC9983AC2CA4088800D54CCE /* DiaryWriteViewModel.swift in Sources */,
				DC0D9B942C931B3E00AD91DC /* DiaryCalendarView.swift in Sources */,
				DC0D9BA42C9456E100AD91DC /* TabbarView.swift in Sources */,
				DC6666EE2C9C5AF000251F82 /* View+.swift in Sources */,
				DCFF76CF2C996C9100D479E1 /* CustomBackButton.swift in Sources */,
				DC5DBB992C9069F8001687FC /* EasyEnglishApp.swift in Sources */,
				DC6666E32C9BF3A500251F82 /* TranslateViewModel.swift in Sources */,
				DC6666D32C9AC9B400251F82 /* Header.swift in Sources */,
				DC1C6AEA2CA2C4830033666A /* AttendanceViewModel.swift in Sources */,
				DC6666EC2C9C3C7500251F82 /* CustomTextEditor.swift in Sources */,
				DCFD541D2C9EA9E50000D2EC /* Categories.swift in Sources */,
				DCFD542F2CA017F40000D2EC /* ReadJSON.swift in Sources */,
				DC0D9BA62C9457FA00AD91DC /* SaveProblemView.swift in Sources */,
				DCFD54222C9FFB960000D2EC /* ProblemSentenceView.swift in Sources */,
				DC0D9B9F2C94522C00AD91DC /* CustomTabView.swift in Sources */,
				DCC7900D2CA2ABF70088AB76 /* RealmRepository.swift in Sources */,
				DC9983AA2CA3F26700D54CCE /* DiaryCalendarViewModel.swift in Sources */,
				DC6666D12C9AC5B300251F82 /* Router.swift in Sources */,
				DCFF76CB2C96C7C800D479E1 /* WeekChartView.swift in Sources */,
				DC6666CF2C9AB7E300251F82 /* DiaryReviseView.swift in Sources */,
				DC0D9BA22C94551400AD91DC /* Constants.swift in Sources */,
				DC0D9B982C93F67800AD91DC /* CalendarView+Extension.swift in Sources */,
				DC0D9B9A2C94106B00AD91DC /* Date+.swift in Sources */,
				DCFF76D22C997A5400D479E1 /* DiaryWriteView.swift in Sources */,
				DCFF76CD2C96D20D00D479E1 /* CircleChartView.swift in Sources */,
				DC6666D62C9BE03C00251F82 /* TranslateView.swift in Sources */,
			);
			runOnlyForDeploymentPostprocessing = 0;
		};
/* End PBXSourcesBuildPhase section */

/* Begin XCBuildConfiguration section */
		DC5DBBA12C9069F9001687FC /* Debug */ = {
			isa = XCBuildConfiguration;
			buildSettings = {
				ALWAYS_SEARCH_USER_PATHS = NO;
				ASSETCATALOG_COMPILER_GENERATE_SWIFT_ASSET_SYMBOL_EXTENSIONS = YES;
				CLANG_ANALYZER_NONNULL = YES;
				CLANG_ANALYZER_NUMBER_OBJECT_CONVERSION = YES_AGGRESSIVE;
				CLANG_CXX_LANGUAGE_STANDARD = "gnu++20";
				CLANG_ENABLE_MODULES = YES;
				CLANG_ENABLE_OBJC_ARC = YES;
				CLANG_ENABLE_OBJC_WEAK = YES;
				CLANG_WARN_BLOCK_CAPTURE_AUTORELEASING = YES;
				CLANG_WARN_BOOL_CONVERSION = YES;
				CLANG_WARN_COMMA = YES;
				CLANG_WARN_CONSTANT_CONVERSION = YES;
				CLANG_WARN_DEPRECATED_OBJC_IMPLEMENTATIONS = YES;
				CLANG_WARN_DIRECT_OBJC_ISA_USAGE = YES_ERROR;
				CLANG_WARN_DOCUMENTATION_COMMENTS = YES;
				CLANG_WARN_EMPTY_BODY = YES;
				CLANG_WARN_ENUM_CONVERSION = YES;
				CLANG_WARN_INFINITE_RECURSION = YES;
				CLANG_WARN_INT_CONVERSION = YES;
				CLANG_WARN_NON_LITERAL_NULL_CONVERSION = YES;
				CLANG_WARN_OBJC_IMPLICIT_RETAIN_SELF = YES;
				CLANG_WARN_OBJC_LITERAL_CONVERSION = YES;
				CLANG_WARN_OBJC_ROOT_CLASS = YES_ERROR;
				CLANG_WARN_QUOTED_INCLUDE_IN_FRAMEWORK_HEADER = YES;
				CLANG_WARN_RANGE_LOOP_ANALYSIS = YES;
				CLANG_WARN_STRICT_PROTOTYPES = YES;
				CLANG_WARN_SUSPICIOUS_MOVE = YES;
				CLANG_WARN_UNGUARDED_AVAILABILITY = YES_AGGRESSIVE;
				CLANG_WARN_UNREACHABLE_CODE = YES;
				CLANG_WARN__DUPLICATE_METHOD_MATCH = YES;
				COPY_PHASE_STRIP = NO;
				DEBUG_INFORMATION_FORMAT = dwarf;
				ENABLE_STRICT_OBJC_MSGSEND = YES;
				ENABLE_TESTABILITY = YES;
				ENABLE_USER_SCRIPT_SANDBOXING = YES;
				GCC_C_LANGUAGE_STANDARD = gnu17;
				GCC_DYNAMIC_NO_PIC = NO;
				GCC_NO_COMMON_BLOCKS = YES;
				GCC_OPTIMIZATION_LEVEL = 0;
				GCC_PREPROCESSOR_DEFINITIONS = (
					"DEBUG=1",
					"$(inherited)",
				);
				GCC_WARN_64_TO_32_BIT_CONVERSION = YES;
				GCC_WARN_ABOUT_RETURN_TYPE = YES_ERROR;
				GCC_WARN_UNDECLARED_SELECTOR = YES;
				GCC_WARN_UNINITIALIZED_AUTOS = YES_AGGRESSIVE;
				GCC_WARN_UNUSED_FUNCTION = YES;
				GCC_WARN_UNUSED_VARIABLE = YES;
				IPHONEOS_DEPLOYMENT_TARGET = 17.0;
				LOCALIZATION_PREFERS_STRING_CATALOGS = YES;
				MTL_ENABLE_DEBUG_INFO = INCLUDE_SOURCE;
				MTL_FAST_MATH = YES;
				ONLY_ACTIVE_ARCH = YES;
				SDKROOT = iphoneos;
				SWIFT_ACTIVE_COMPILATION_CONDITIONS = "DEBUG $(inherited)";
				SWIFT_OPTIMIZATION_LEVEL = "-Onone";
			};
			name = Debug;
		};
		DC5DBBA22C9069F9001687FC /* Release */ = {
			isa = XCBuildConfiguration;
			buildSettings = {
				ALWAYS_SEARCH_USER_PATHS = NO;
				ASSETCATALOG_COMPILER_GENERATE_SWIFT_ASSET_SYMBOL_EXTENSIONS = YES;
				CLANG_ANALYZER_NONNULL = YES;
				CLANG_ANALYZER_NUMBER_OBJECT_CONVERSION = YES_AGGRESSIVE;
				CLANG_CXX_LANGUAGE_STANDARD = "gnu++20";
				CLANG_ENABLE_MODULES = YES;
				CLANG_ENABLE_OBJC_ARC = YES;
				CLANG_ENABLE_OBJC_WEAK = YES;
				CLANG_WARN_BLOCK_CAPTURE_AUTORELEASING = YES;
				CLANG_WARN_BOOL_CONVERSION = YES;
				CLANG_WARN_COMMA = YES;
				CLANG_WARN_CONSTANT_CONVERSION = YES;
				CLANG_WARN_DEPRECATED_OBJC_IMPLEMENTATIONS = YES;
				CLANG_WARN_DIRECT_OBJC_ISA_USAGE = YES_ERROR;
				CLANG_WARN_DOCUMENTATION_COMMENTS = YES;
				CLANG_WARN_EMPTY_BODY = YES;
				CLANG_WARN_ENUM_CONVERSION = YES;
				CLANG_WARN_INFINITE_RECURSION = YES;
				CLANG_WARN_INT_CONVERSION = YES;
				CLANG_WARN_NON_LITERAL_NULL_CONVERSION = YES;
				CLANG_WARN_OBJC_IMPLICIT_RETAIN_SELF = YES;
				CLANG_WARN_OBJC_LITERAL_CONVERSION = YES;
				CLANG_WARN_OBJC_ROOT_CLASS = YES_ERROR;
				CLANG_WARN_QUOTED_INCLUDE_IN_FRAMEWORK_HEADER = YES;
				CLANG_WARN_RANGE_LOOP_ANALYSIS = YES;
				CLANG_WARN_STRICT_PROTOTYPES = YES;
				CLANG_WARN_SUSPICIOUS_MOVE = YES;
				CLANG_WARN_UNGUARDED_AVAILABILITY = YES_AGGRESSIVE;
				CLANG_WARN_UNREACHABLE_CODE = YES;
				CLANG_WARN__DUPLICATE_METHOD_MATCH = YES;
				COPY_PHASE_STRIP = NO;
				DEBUG_INFORMATION_FORMAT = "dwarf-with-dsym";
				ENABLE_NS_ASSERTIONS = NO;
				ENABLE_STRICT_OBJC_MSGSEND = YES;
				ENABLE_USER_SCRIPT_SANDBOXING = YES;
				GCC_C_LANGUAGE_STANDARD = gnu17;
				GCC_NO_COMMON_BLOCKS = YES;
				GCC_WARN_64_TO_32_BIT_CONVERSION = YES;
				GCC_WARN_ABOUT_RETURN_TYPE = YES_ERROR;
				GCC_WARN_UNDECLARED_SELECTOR = YES;
				GCC_WARN_UNINITIALIZED_AUTOS = YES_AGGRESSIVE;
				GCC_WARN_UNUSED_FUNCTION = YES;
				GCC_WARN_UNUSED_VARIABLE = YES;
				IPHONEOS_DEPLOYMENT_TARGET = 17.0;
				LOCALIZATION_PREFERS_STRING_CATALOGS = YES;
				MTL_ENABLE_DEBUG_INFO = NO;
				MTL_FAST_MATH = YES;
				SDKROOT = iphoneos;
				SWIFT_COMPILATION_MODE = wholemodule;
				VALIDATE_PRODUCT = YES;
			};
			name = Release;
		};
		DC5DBBA42C9069F9001687FC /* Debug */ = {
			isa = XCBuildConfiguration;
			buildSettings = {
				ASSETCATALOG_COMPILER_APPICON_NAME = AppIcon;
				ASSETCATALOG_COMPILER_GLOBAL_ACCENT_COLOR_NAME = AccentColor;
				CODE_SIGN_STYLE = Automatic;
				CURRENT_PROJECT_VERSION = 1;
				DEVELOPMENT_ASSET_PATHS = "\"EasyEnglish/Preview Content\"";
				DEVELOPMENT_TEAM = VC8Q8WBRQ3;
				ENABLE_PREVIEWS = YES;
				GENERATE_INFOPLIST_FILE = YES;
				INFOPLIST_KEY_UIApplicationSceneManifest_Generation = YES;
				INFOPLIST_KEY_UIApplicationSupportsIndirectInputEvents = YES;
				INFOPLIST_KEY_UILaunchScreen_Generation = YES;
				INFOPLIST_KEY_UISupportedInterfaceOrientations = UIInterfaceOrientationPortrait;
				INFOPLIST_KEY_UISupportedInterfaceOrientations_iPad = "UIInterfaceOrientationLandscapeLeft UIInterfaceOrientationLandscapeRight UIInterfaceOrientationPortrait UIInterfaceOrientationPortraitUpsideDown";
				IPHONEOS_DEPLOYMENT_TARGET = 16.0;
				LD_RUNPATH_SEARCH_PATHS = (
					"$(inherited)",
					"@executable_path/Frameworks",
				);
				MARKETING_VERSION = 1.0;
				PRODUCT_BUNDLE_IDENTIFIER = srkimdev.EasyEnglish;
				PRODUCT_NAME = "$(TARGET_NAME)";
				SUPPORTED_PLATFORMS = "iphoneos iphonesimulator";
				SUPPORTS_MACCATALYST = NO;
				SUPPORTS_MAC_DESIGNED_FOR_IPHONE_IPAD = NO;
				SWIFT_EMIT_LOC_STRINGS = YES;
				SWIFT_VERSION = 5.0;
				TARGETED_DEVICE_FAMILY = 1;
			};
			name = Debug;
		};
		DC5DBBA52C9069F9001687FC /* Release */ = {
			isa = XCBuildConfiguration;
			buildSettings = {
				ASSETCATALOG_COMPILER_APPICON_NAME = AppIcon;
				ASSETCATALOG_COMPILER_GLOBAL_ACCENT_COLOR_NAME = AccentColor;
				CODE_SIGN_STYLE = Automatic;
				CURRENT_PROJECT_VERSION = 1;
				DEVELOPMENT_ASSET_PATHS = "\"EasyEnglish/Preview Content\"";
				DEVELOPMENT_TEAM = VC8Q8WBRQ3;
				ENABLE_PREVIEWS = YES;
				GENERATE_INFOPLIST_FILE = YES;
				INFOPLIST_KEY_UIApplicationSceneManifest_Generation = YES;
				INFOPLIST_KEY_UIApplicationSupportsIndirectInputEvents = YES;
				INFOPLIST_KEY_UILaunchScreen_Generation = YES;
				INFOPLIST_KEY_UISupportedInterfaceOrientations = UIInterfaceOrientationPortrait;
				INFOPLIST_KEY_UISupportedInterfaceOrientations_iPad = "UIInterfaceOrientationLandscapeLeft UIInterfaceOrientationLandscapeRight UIInterfaceOrientationPortrait UIInterfaceOrientationPortraitUpsideDown";
				IPHONEOS_DEPLOYMENT_TARGET = 16.0;
				LD_RUNPATH_SEARCH_PATHS = (
					"$(inherited)",
					"@executable_path/Frameworks",
				);
				MARKETING_VERSION = 1.0;
				PRODUCT_BUNDLE_IDENTIFIER = srkimdev.EasyEnglish;
				PRODUCT_NAME = "$(TARGET_NAME)";
				SUPPORTED_PLATFORMS = "iphoneos iphonesimulator";
				SUPPORTS_MACCATALYST = NO;
				SUPPORTS_MAC_DESIGNED_FOR_IPHONE_IPAD = NO;
				SWIFT_EMIT_LOC_STRINGS = YES;
				SWIFT_VERSION = 5.0;
				TARGETED_DEVICE_FAMILY = 1;
			};
			name = Release;
		};
/* End XCBuildConfiguration section */

/* Begin XCConfigurationList section */
		DC5DBB902C9069F8001687FC /* Build configuration list for PBXProject "EasyEnglish" */ = {
			isa = XCConfigurationList;
			buildConfigurations = (
				DC5DBBA12C9069F9001687FC /* Debug */,
				DC5DBBA22C9069F9001687FC /* Release */,
			);
			defaultConfigurationIsVisible = 0;
			defaultConfigurationName = Release;
		};
		DC5DBBA32C9069F9001687FC /* Build configuration list for PBXNativeTarget "EasyEnglish" */ = {
			isa = XCConfigurationList;
			buildConfigurations = (
				DC5DBBA42C9069F9001687FC /* Debug */,
				DC5DBBA52C9069F9001687FC /* Release */,
			);
			defaultConfigurationIsVisible = 0;
			defaultConfigurationName = Release;
		};
/* End XCConfigurationList section */

/* Begin XCRemoteSwiftPackageReference section */
		DC113C8E2CA43B8A0008F310 /* XCRemoteSwiftPackageReference "lottie-ios" */ = {
			isa = XCRemoteSwiftPackageReference;
			repositoryURL = "https://github.com/airbnb/lottie-ios";
			requirement = {
				kind = upToNextMajorVersion;
				minimumVersion = 4.5.0;
			};
		};
		DC6666D72C9BE1ED00251F82 /* XCRemoteSwiftPackageReference "Alamofire" */ = {
			isa = XCRemoteSwiftPackageReference;
			repositoryURL = "https://github.com/Alamofire/Alamofire.git";
			requirement = {
				kind = upToNextMajorVersion;
				minimumVersion = 5.9.1;
			};
		};
		DC9983AD2CA4275C00D54CCE /* XCRemoteSwiftPackageReference "ShuffleIt" */ = {
			isa = XCRemoteSwiftPackageReference;
			repositoryURL = "https://github.com/dscyrescotti/ShuffleIt";
			requirement = {
				kind = exactVersion;
				version = 2.1.3;
			};
		};
		DCFD541E2C9EB8650000D2EC /* XCRemoteSwiftPackageReference "realm-swift" */ = {
			isa = XCRemoteSwiftPackageReference;
			repositoryURL = "https://github.com/realm/realm-swift.git";
			requirement = {
				kind = exactVersion;
				version = 10.52.1;
			};
		};
/* End XCRemoteSwiftPackageReference section */

/* Begin XCSwiftPackageProductDependency section */
		DC113C8F2CA43B8A0008F310 /* Lottie */ = {
			isa = XCSwiftPackageProductDependency;
			package = DC113C8E2CA43B8A0008F310 /* XCRemoteSwiftPackageReference "lottie-ios" */;
			productName = Lottie;
		};
		DC6666D82C9BE1ED00251F82 /* Alamofire */ = {
			isa = XCSwiftPackageProductDependency;
			package = DC6666D72C9BE1ED00251F82 /* XCRemoteSwiftPackageReference "Alamofire" */;
			productName = Alamofire;
		};
		DC9983AE2CA4275C00D54CCE /* CarouselStack */ = {
			isa = XCSwiftPackageProductDependency;
			package = DC9983AD2CA4275C00D54CCE /* XCRemoteSwiftPackageReference "ShuffleIt" */;
			productName = CarouselStack;
		};
		DC9983B02CA4275C00D54CCE /* ShuffleDeck */ = {
			isa = XCSwiftPackageProductDependency;
			package = DC9983AD2CA4275C00D54CCE /* XCRemoteSwiftPackageReference "ShuffleIt" */;
			productName = ShuffleDeck;
		};
		DC9983B22CA4275C00D54CCE /* ShuffleIt */ = {
			isa = XCSwiftPackageProductDependency;
			package = DC9983AD2CA4275C00D54CCE /* XCRemoteSwiftPackageReference "ShuffleIt" */;
			productName = ShuffleIt;
		};
		DC9983B42CA4275C00D54CCE /* ShuffleStack */ = {
			isa = XCSwiftPackageProductDependency;
			package = DC9983AD2CA4275C00D54CCE /* XCRemoteSwiftPackageReference "ShuffleIt" */;
			productName = ShuffleStack;
		};
		DCFD541F2C9EB8650000D2EC /* RealmSwift */ = {
			isa = XCSwiftPackageProductDependency;
			package = DCFD541E2C9EB8650000D2EC /* XCRemoteSwiftPackageReference "realm-swift" */;
			productName = RealmSwift;
		};
/* End XCSwiftPackageProductDependency section */
	};
	rootObject = DC5DBB8D2C9069F8001687FC /* Project object */;
}
